{
  "name": "WOW-WEDNESDAY",
  "lockfileVersion": 3,
  "requires": true,
  "packages": {
    "": {
      "dependencies": {
        "@yadoran-2025/booong-design-system": "^2.0.0"
      }
    },
    "node_modules/@yadoran-2025/booong-design-system": {
      "version": "2.0.0",
      "resolved": "https://registry.npmjs.org/@yadoran-2025/booong-design-system/-/booong-design-system-2.0.0.tgz",
      "integrity": "sha512-6mcD4fT2csgseiGdoLy1eHGbUk0Z2IEsux5Zxl5kHM0wPwN+/x1oNFcbvwrwGpZ2sidYooG9XHmezPRs4IkxmQ==",
      "license": "UNLICENSED"
    }
  }
}
